
Microsoft Visual Studio Solution File, Format Version 12.00
# Visual Studio Version 17
VisualStudioVersion = 17.3.32819.101
MinimumVisualStudioVersion = 10.0.40219.1
Project("{FAE04EC0-301F-11D3-BF4B-00C04F79EFBC}") = "PetShopApi", "PetShopApi\PetShopApi.csproj", "{7C05744E-45AC-4D2C-BC1B-0DE4BFA063F7}"
EndProject
Global
	GlobalSection(SolutionConfigurationPlatforms) = preSolution
		Debug|Any CPU = Debug|Any CPU
		Release|Any CPU = Release|Any CPU
	EndGlobalSection
	GlobalSection(ProjectConfigurationPlatforms) = postSolution
		{7C05744E-45AC-4D2C-BC1B-0DE4BFA063F7}.Debug|Any CPU.ActiveCfg = Debug|Any CPU
		{7C05744E-45AC-4D2C-BC1B-0DE4BFA063F7}.Debug|Any CPU.Build.0 = Debug|Any CPU
		{7C05744E-45AC-4D2C-BC1B-0DE4BFA063F7}.Release|Any CPU.ActiveCfg = Release|Any CPU
		{7C05744E-45AC-4D2C-BC1B-0DE4BFA063F7}.Release|Any CPU.Build.0 = Release|Any CPU
	EndGlobalSection
	GlobalSection(SolutionProperties) = preSolution
		HideSolutionNode = FALSE
	EndGlobalSection
	GlobalSection(ExtensibilityGlobals) = postSolution
		SolutionGuid = {D0421D25-B24C-40B5-96D2-EA58200EC95A}
	EndGlobalSection
EndGlobal
